<?xml version="1.0" encoding="utf-8"?>
<Project ToolsVersion="4.0" xmlns="http://schemas.microsoft.com/developer/msbuild/2003">
  <ItemGroup>
    <Filter Include="Commun">
      <UniqueIdentifier>e3b31acf-5c44-4de8-a02b-1351c92d16b7</UniqueIdentifier>
    </Filter>
    <Filter Include="Actifs">
      <UniqueIdentifier>b2ad8d64-388c-49e4-bdea-9d97f1380d11</UniqueIdentifier>
      <Extensions>bmp;fbx;gif;jpg;jpeg;tga;tiff;tif;png</Extensions>
    </Filter>
	<Filter Include="Contenu">
      <UniqueIdentifier>4a9290ae-3fa6-4630-b631-99c89fe19163</UniqueIdentifier>
    </Filter>
    <ClInclude Include="Common\DirectXHelper.h">
      <Filter>Commun</Filter>
    </ClInclude>
	<ClInclude Include="Common\StepTimer.h">
      <Filter>Commun</Filter>
    </ClInclude>
    <ClInclude Include="Common\DeviceResources.h">
      <Filter>Commun</Filter>
    </ClInclude>
    <ClCompile Include="Common\DeviceResources.cpp">
      <Filter>Commun</Filter>
    </ClCompile>
	<ClInclude Include="Content\Sample3DSceneRenderer.h">
      <Filter>Contenu</Filter>
    </ClInclude>
    <ClInclude Include="Content\SampleFpsTextRenderer.h">
      <Filter>Contenu</Filter>
    </ClInclude>
    <ClInclude Include="Content\ShaderStructures.h">
      <Filter>Contenu</Filter>
    </ClInclude>
	<ClCompile Include="Content\Sample3DSceneRenderer.cpp">
      <Filter>Contenu</Filter>
    </ClCompile>
    <ClCompile Include="Content\SampleFpsTextRenderer.cpp">
      <Filter>Contenu</Filter>
    </ClCompile>
	<FxCompile Include="Content\SamplePixelShader.hlsl">
      <Filter>Contenu</Filter>
    </FxCompile>
    <FxCompile Include="Content\SampleVertexShader.hlsl">
      <Filter>Contenu</Filter>
    </FxCompile>
    <Image Include="Assets\LockScreenLogo.scale-200.png">
      <Filter>Actifs</Filter>
    </Image>
    <Image Include="Assets\SplashScreen.scale-200.png">
      <Filter>Actifs</Filter>
    </Image>
    <Image Include="Assets\Square150x150Logo.scale-200.png">
      <Filter>Actifs</Filter>
    </Image>
    <Image Include="Assets\Square44x44Logo.scale-200.png">
      <Filter>Actifs</Filter>
    </Image>
    <Image Include="Assets\Square44x44Logo.targetsize-24_altform-unplated.png">
      <Filter>Actifs</Filter>
    </Image>
    <Image Include="Assets\Wide310x150Logo.scale-200.png">
      <Filter>Actifs</Filter>
    </Image>
  </ItemGroup>
</Project>